
Microsoft Visual Studio Solution File, Format Version 12.00
# Visual Studio Version 17
VisualStudioVersion = 17.1.32319.34
MinimumVisualStudioVersion = 10.0.40219.1
Project("{FAE04EC0-301F-11D3-BF4B-00C04F79EFBC}") = "MiCalculadora", "MiCalculadora\MiCalculadora.csproj", "{F2D6D063-F6DA-4C1C-B113-49C80EB3F39F}"
EndProject
Project("{FAE04EC0-301F-11D3-BF4B-00C04F79EFBC}") = "Entidades", "Entidades\Entidades.csproj", "{7B7B578E-8477-4937-B55E-B69F0FD8506F}"
EndProject
Global
	GlobalSection(SolutionConfigurationPlatforms) = preSolution
		Debug|Any CPU = Debug|Any CPU
		Release|Any CPU = Release|Any CPU
	EndGlobalSection
	GlobalSection(ProjectConfigurationPlatforms) = postSolution
		{F2D6D063-F6DA-4C1C-B113-49C80EB3F39F}.Debug|Any CPU.ActiveCfg = Debug|Any CPU
		{F2D6D063-F6DA-4C1C-B113-49C80EB3F39F}.Debug|Any CPU.Build.0 = Debug|Any CPU
		{F2D6D063-F6DA-4C1C-B113-49C80EB3F39F}.Release|Any CPU.ActiveCfg = Release|Any CPU
		{F2D6D063-F6DA-4C1C-B113-49C80EB3F39F}.Release|Any CPU.Build.0 = Release|Any CPU
		{7B7B578E-8477-4937-B55E-B69F0FD8506F}.Debug|Any CPU.ActiveCfg = Debug|Any CPU
		{7B7B578E-8477-4937-B55E-B69F0FD8506F}.Debug|Any CPU.Build.0 = Debug|Any CPU
		{7B7B578E-8477-4937-B55E-B69F0FD8506F}.Release|Any CPU.ActiveCfg = Release|Any CPU
		{7B7B578E-8477-4937-B55E-B69F0FD8506F}.Release|Any CPU.Build.0 = Release|Any CPU
	EndGlobalSection
	GlobalSection(SolutionProperties) = preSolution
		HideSolutionNode = FALSE
	EndGlobalSection
	GlobalSection(ExtensibilityGlobals) = postSolution
		SolutionGuid = {264E193E-9F5A-4B1F-85B1-F1EFEFE41B87}
	EndGlobalSection
EndGlobal
